
Microsoft Visual Studio Solution File, Format Version 12.00
# Visual Studio Version 17
VisualStudioVersion = 17.1.32319.34
MinimumVisualStudioVersion = 10.0.40219.1
Project("{9A19103F-16F7-4668-BE54-9A1E7A4F7556}") = "Prueba_app", "Prueba_app\Prueba_app.csproj", "{C3B6AE4B-1652-4B5E-857B-70B0D9DC2268}"
	ProjectSection(ProjectDependencies) = postProject
		{18D91380-124A-4992-A8E3-092C6CDD0A32} = {18D91380-124A-4992-A8E3-092C6CDD0A32}
	EndProjectSection
EndProject
Project("{9A19103F-16F7-4668-BE54-9A1E7A4F7556}") = "Domain", "Domain\Domain.csproj", "{CD889057-FF6F-4DC4-A96A-12B0417FE249}"
EndProject
Project("{9A19103F-16F7-4668-BE54-9A1E7A4F7556}") = "IoC", "IoC\IoC.csproj", "{18D91380-124A-4992-A8E3-092C6CDD0A32}"
EndProject
Project("{9A19103F-16F7-4668-BE54-9A1E7A4F7556}") = "Infrastructure", "Infrastructure\Infrastructure.csproj", "{286B2C3C-97DC-4C0C-BF80-3694181E5AA9}"
EndProject
Project("{FAE04EC0-301F-11D3-BF4B-00C04F79EFBC}") = "Services", "Services\Services.csproj", "{368D59F2-117F-4969-B132-21363AA6A910}"
EndProject
Global
	GlobalSection(SolutionConfigurationPlatforms) = preSolution
		Debug|Any CPU = Debug|Any CPU
		Release|Any CPU = Release|Any CPU
	EndGlobalSection
	GlobalSection(ProjectConfigurationPlatforms) = postSolution
		{C3B6AE4B-1652-4B5E-857B-70B0D9DC2268}.Debug|Any CPU.ActiveCfg = Debug|Any CPU
		{C3B6AE4B-1652-4B5E-857B-70B0D9DC2268}.Debug|Any CPU.Build.0 = Debug|Any CPU
		{C3B6AE4B-1652-4B5E-857B-70B0D9DC2268}.Release|Any CPU.ActiveCfg = Release|Any CPU
		{C3B6AE4B-1652-4B5E-857B-70B0D9DC2268}.Release|Any CPU.Build.0 = Release|Any CPU
		{CD889057-FF6F-4DC4-A96A-12B0417FE249}.Debug|Any CPU.ActiveCfg = Debug|Any CPU
		{CD889057-FF6F-4DC4-A96A-12B0417FE249}.Debug|Any CPU.Build.0 = Debug|Any CPU
		{CD889057-FF6F-4DC4-A96A-12B0417FE249}.Release|Any CPU.ActiveCfg = Release|Any CPU
		{CD889057-FF6F-4DC4-A96A-12B0417FE249}.Release|Any CPU.Build.0 = Release|Any CPU
		{18D91380-124A-4992-A8E3-092C6CDD0A32}.Debug|Any CPU.ActiveCfg = Debug|Any CPU
		{18D91380-124A-4992-A8E3-092C6CDD0A32}.Debug|Any CPU.Build.0 = Debug|Any CPU
		{18D91380-124A-4992-A8E3-092C6CDD0A32}.Release|Any CPU.ActiveCfg = Release|Any CPU
		{18D91380-124A-4992-A8E3-092C6CDD0A32}.Release|Any CPU.Build.0 = Release|Any CPU
		{286B2C3C-97DC-4C0C-BF80-3694181E5AA9}.Debug|Any CPU.ActiveCfg = Debug|Any CPU
		{286B2C3C-97DC-4C0C-BF80-3694181E5AA9}.Debug|Any CPU.Build.0 = Debug|Any CPU
		{286B2C3C-97DC-4C0C-BF80-3694181E5AA9}.Release|Any CPU.ActiveCfg = Release|Any CPU
		{286B2C3C-97DC-4C0C-BF80-3694181E5AA9}.Release|Any CPU.Build.0 = Release|Any CPU
		{368D59F2-117F-4969-B132-21363AA6A910}.Debug|Any CPU.ActiveCfg = Debug|Any CPU
		{368D59F2-117F-4969-B132-21363AA6A910}.Debug|Any CPU.Build.0 = Debug|Any CPU
		{368D59F2-117F-4969-B132-21363AA6A910}.Release|Any CPU.ActiveCfg = Release|Any CPU
		{368D59F2-117F-4969-B132-21363AA6A910}.Release|Any CPU.Build.0 = Release|Any CPU
	EndGlobalSection
	GlobalSection(SolutionProperties) = preSolution
		HideSolutionNode = FALSE
	EndGlobalSection
	GlobalSection(ExtensibilityGlobals) = postSolution
		SolutionGuid = {F6B6B62C-266A-4A5A-835D-192A8A2EE9AF}
	EndGlobalSection
EndGlobal
